
Microsoft Visual Studio Solution File, Format Version 12.00
# Visual Studio Version 17
VisualStudioVersion = 17.14.36603.0 d17.14
MinimumVisualStudioVersion = 10.0.40219.1
Project("{FAE04EC0-301F-11D3-BF4B-00C04F79EFBC}") = "API", "API\API.csproj", "{0E088ABF-5183-41BC-9E04-61094611A3A1}"
EndProject
Global
	GlobalSection(SolutionConfigurationPlatforms) = preSolution
		Debug|Any CPU = Debug|Any CPU
		Release|Any CPU = Release|Any CPU
	EndGlobalSection
	GlobalSection(ProjectConfigurationPlatforms) = postSolution
		{0E088ABF-5183-41BC-9E04-61094611A3A1}.Debug|Any CPU.ActiveCfg = Debug|Any CPU
		{0E088ABF-5183-41BC-9E04-61094611A3A1}.Debug|Any CPU.Build.0 = Debug|Any CPU
		{0E088ABF-5183-41BC-9E04-61094611A3A1}.Release|Any CPU.ActiveCfg = Release|Any CPU
		{0E088ABF-5183-41BC-9E04-61094611A3A1}.Release|Any CPU.Build.0 = Release|Any CPU
	EndGlobalSection
	GlobalSection(SolutionProperties) = preSolution
		HideSolutionNode = FALSE
	EndGlobalSection
	GlobalSection(ExtensibilityGlobals) = postSolution
		SolutionGuid = {02083C28-65C3-4508-8779-7254C862EF9C}
	EndGlobalSection
EndGlobal
